// !$*UTF8*$!
{
	archiveVersion = 1;
	classes = {
	};
	objectVersion = 46;
	objects = {

/* Begin PBXBuildFile section */
		A974F9E81DDC3FFB00139013 /* YLTuorialFirstViewController.m in Sources */ = {isa = PBXBuildFile; fileRef = A974F9E71DDC3FFB00139013 /* YLTuorialFirstViewController.m */; };
		A974F9EB1DDC5F5B00139013 /* YLTutorialSecondViewController.m in Sources */ = {isa = PBXBuildFile; fileRef = A974F9EA1DDC5F5B00139013 /* YLTutorialSecondViewController.m */; };
		BA318B291C5B6B6C00063BAA /* main.m in Sources */ = {isa = PBXBuildFile; fileRef = BA318B281C5B6B6C00063BAA /* main.m */; };
		BA318B2C1C5B6B6C00063BAA /* AppDelegate.m in Sources */ = {isa = PBXBuildFile; fileRef = BA318B2B1C5B6B6C00063BAA /* AppDelegate.m */; };
		BA318B2F1C5B6B6C00063BAA /* ViewController.m in Sources */ = {isa = PBXBuildFile; fileRef = BA318B2E1C5B6B6C00063BAA /* ViewController.m */; };
		BA318B321C5B6B6C00063BAA /* Main.storyboard in Resources */ = {isa = PBXBuildFile; fileRef = BA318B301C5B6B6C00063BAA /* Main.storyboard */; };
		BA318B341C5B6B6C00063BAA /* Assets.xcassets in Resources */ = {isa = PBXBuildFile; fileRef = BA318B331C5B6B6C00063BAA /* Assets.xcassets */; };
		BA318B371C5B6B6C00063BAA /* LaunchScreen.storyboard in Resources */ = {isa = PBXBuildFile; fileRef = BA318B351C5B6B6C00063BAA /* LaunchScreen.storyboard */; };
		BA318B421C5B6B6C00063BAA /* YLBasicTutorialTests.m in Sources */ = {isa = PBXBuildFile; fileRef = BA318B411C5B6B6C00063BAA /* YLBasicTutorialTests.m */; };
		BA318B4D1C5B6B6C00063BAA /* YLBasicTutorialUITests.m in Sources */ = {isa = PBXBuildFile; fileRef = BA318B4C1C5B6B6C00063BAA /* YLBasicTutorialUITests.m */; };
/* End PBXBuildFile section */

/* Begin PBXContainerItemProxy section */
		BA318B3E1C5B6B6C00063BAA /* PBXContainerItemProxy */ = {
			isa = PBXContainerItemProxy;
			containerPortal = BA318B1C1C5B6B6C00063BAA /* Project object */;
			proxyType = 1;
			remoteGlobalIDString = BA318B231C5B6B6C00063BAA;
			remoteInfo = YLBasicTutorial;
		};
		BA318B491C5B6B6C00063BAA /* PBXContainerItemProxy */ = {
			isa = PBXContainerItemProxy;
			containerPortal = BA318B1C1C5B6B6C00063BAA /* Project object */;
			proxyType = 1;
			remoteGlobalIDString = BA318B231C5B6B6C00063BAA;
			remoteInfo = YLBasicTutorial;
		};
/* End PBXContainerItemProxy section */

/* Begin PBXFileReference section */
		A974F9E61DDC3FFB00139013 /* YLTuorialFirstViewController.h */ = {isa = PBXFileReference; fileEncoding = 4; lastKnownFileType = sourcecode.c.h; path = YLTuorialFirstViewController.h; sourceTree = "<group>"; };
		A974F9E71DDC3FFB00139013 /* YLTuorialFirstViewController.m */ = {isa = PBXFileReference; fileEncoding = 4; lastKnownFileType = sourcecode.c.objc; path = YLTuorialFirstViewController.m; sourceTree = "<group>"; };
		A974F9E91DDC5F5B00139013 /* YLTutorialSecondViewController.h */ = {isa = PBXFileReference; fileEncoding = 4; lastKnownFileType = sourcecode.c.h; path = YLTutorialSecondViewController.h; sourceTree = "<group>"; };
		A974F9EA1DDC5F5B00139013 /* YLTutorialSecondViewController.m */ = {isa = PBXFileReference; fileEncoding = 4; lastKnownFileType = sourcecode.c.objc; path = YLTutorialSecondViewController.m; sourceTree = "<group>"; };
		BA318B241C5B6B6C00063BAA /* YLBasicTutorial.app */ = {isa = PBXFileReference; explicitFileType = wrapper.application; includeInIndex = 0; path = YLBasicTutorial.app; sourceTree = BUILT_PRODUCTS_DIR; };
		BA318B281C5B6B6C00063BAA /* main.m */ = {isa = PBXFileReference; lastKnownFileType = sourcecode.c.objc; path = main.m; sourceTree = "<group>"; };
		BA318B2A1C5B6B6C00063BAA /* AppDelegate.h */ = {isa = PBXFileReference; lastKnownFileType = sourcecode.c.h; path = AppDelegate.h; sourceTree = "<group>"; };
		BA318B2B1C5B6B6C00063BAA /* AppDelegate.m */ = {isa = PBXFileReference; lastKnownFileType = sourcecode.c.objc; path = AppDelegate.m; sourceTree = "<group>"; };
		BA318B2D1C5B6B6C00063BAA /* ViewController.h */ = {isa = PBXFileReference; lastKnownFileType = sourcecode.c.h; path = ViewController.h; sourceTree = "<group>"; };
		BA318B2E1C5B6B6C00063BAA /* ViewController.m */ = {isa = PBXFileReference; lastKnownFileType = sourcecode.c.objc; path = ViewController.m; sourceTree = "<group>"; };
		BA318B311C5B6B6C00063BAA /* Base */ = {isa = PBXFileReference; lastKnownFileType = file.storyboard; name = Base; path = Base.lproj/Main.storyboard; sourceTree = "<group>"; };
		BA318B331C5B6B6C00063BAA /* Assets.xcassets */ = {isa = PBXFileReference; lastKnownFileType = folder.assetcatalog; path = Assets.xcassets; sourceTree = "<group>"; };
		BA318B361C5B6B6C00063BAA /* Base */ = {isa = PBXFileReference; lastKnownFileType = file.storyboard; name = Base; path = Base.lproj/LaunchScreen.storyboard; sourceTree = "<group>"; };
		BA318B381C5B6B6C00063BAA /* Info.plist */ = {isa = PBXFileReference; lastKnownFileType = text.plist.xml; path = Info.plist; sourceTree = "<group>"; };
		BA318B3D1C5B6B6C00063BAA /* YLBasicTutorialTests.xctest */ = {isa = PBXFileReference; explicitFileType = wrapper.cfbundle; includeInIndex = 0; path = YLBasicTutorialTests.xctest; sourceTree = BUILT_PRODUCTS_DIR; };
		BA318B411C5B6B6C00063BAA /* YLBasicTutorialTests.m */ = {isa = PBXFileReference; lastKnownFileType = sourcecode.c.objc; path = YLBasicTutorialTests.m; sourceTree = "<group>"; };
		BA318B431C5B6B6C00063BAA /* Info.plist */ = {isa = PBXFileReference; lastKnownFileType = text.plist.xml; path = Info.plist; sourceTree = "<group>"; };
		BA318B481C5B6B6C00063BAA /* YLBasicTutorialUITests.xctest */ = {isa = PBXFileReference; explicitFileType = wrapper.cfbundle; includeInIndex = 0; path = YLBasicTutorialUITests.xctest; sourceTree = BUILT_PRODUCTS_DIR; };
		BA318B4C1C5B6B6C00063BAA /* YLBasicTutorialUITests.m */ = {isa = PBXFileReference; lastKnownFileType = sourcecode.c.objc; path = YLBasicTutorialUITests.m; sourceTree = "<group>"; };
		BA318B4E1C5B6B6C00063BAA /* Info.plist */ = {isa = PBXFileReference; lastKnownFileType = text.plist.xml; path = Info.plist; sourceTree = "<group>"; };
/* End PBXFileReference section */

/* Begin PBXFrameworksBuildPhase section */
		BA318B211C5B6B6C00063BAA /* Frameworks */ = {
			isa = PBXFrameworksBuildPhase;
			buildActionMask = 2147483647;
			files = (
			);
			runOnlyForDeploymentPostprocessing = 0;
		};
		BA318B3A1C5B6B6C00063BAA /* Frameworks */ = {
			isa = PBXFrameworksBuildPhase;
			buildActionMask = 2147483647;
			files = (
			);
			runOnlyForDeploymentPostprocessing = 0;
		};
		BA318B451C5B6B6C00063BAA /* Frameworks */ = {
			isa = PBXFrameworksBuildPhase;
			buildActionMask = 2147483647;
			files = (
			);
			runOnlyForDeploymentPostprocessing = 0;
		};
/* End PBXFrameworksBuildPhase section */

/* Begin PBXGroup section */
		A974F9E51DDC3DBA00139013 /* TurorialFirst */ = {
			isa = PBXGroup;
			children = (
				A974F9E61DDC3FFB00139013 /* YLTuorialFirstViewController.h */,
				A974F9E71DDC3FFB00139013 /* YLTuorialFirstViewController.m */,
				A974F9E91DDC5F5B00139013 /* YLTutorialSecondViewController.h */,
				A974F9EA1DDC5F5B00139013 /* YLTutorialSecondViewController.m */,
			);
			path = TurorialFirst;
			sourceTree = "<group>";
		};
		BA318B1B1C5B6B6C00063BAA = {
			isa = PBXGroup;
			children = (
				BA318B261C5B6B6C00063BAA /* YLBasicTutorial */,
				BA318B401C5B6B6C00063BAA /* YLBasicTutorialTests */,
				BA318B4B1C5B6B6C00063BAA /* YLBasicTutorialUITests */,
				BA318B251C5B6B6C00063BAA /* Products */,
			);
			sourceTree = "<group>";
		};
		BA318B251C5B6B6C00063BAA /* Products */ = {
			isa = PBXGroup;
			children = (
				BA318B241C5B6B6C00063BAA /* YLBasicTutorial.app */,
				BA318B3D1C5B6B6C00063BAA /* YLBasicTutorialTests.xctest */,
				BA318B481C5B6B6C00063BAA /* YLBasicTutorialUITests.xctest */,
			);
			name = Products;
			sourceTree = "<group>";
		};
		BA318B261C5B6B6C00063BAA /* YLBasicTutorial */ = {
			isa = PBXGroup;
			children = (
				A974F9E51DDC3DBA00139013 /* TurorialFirst */,
				BA318B2A1C5B6B6C00063BAA /* AppDelegate.h */,
				BA318B2B1C5B6B6C00063BAA /* AppDelegate.m */,
				BA318B2D1C5B6B6C00063BAA /* ViewController.h */,
				BA318B2E1C5B6B6C00063BAA /* ViewController.m */,
				BA318B301C5B6B6C00063BAA /* Main.storyboard */,
				BA318B331C5B6B6C00063BAA /* Assets.xcassets */,
				BA318B351C5B6B6C00063BAA /* LaunchScreen.storyboard */,
				BA318B381C5B6B6C00063BAA /* Info.plist */,
				BA318B271C5B6B6C00063BAA /* Supporting Files */,
			);
			path = YLBasicTutorial;
			sourceTree = "<group>";
		};
		BA318B271C5B6B6C00063BAA /* Supporting Files */ = {
			isa = PBXGroup;
			children = (
				BA318B281C5B6B6C00063BAA /* main.m */,
			);
			name = "Supporting Files";
			sourceTree = "<group>";
		};
		BA318B401C5B6B6C00063BAA /* YLBasicTutorialTests */ = {
			isa = PBXGroup;
			children = (
				BA318B411C5B6B6C00063BAA /* YLBasicTutorialTests.m */,
				BA318B431C5B6B6C00063BAA /* Info.plist */,
			);
			path = YLBasicTutorialTests;
			sourceTree = "<group>";
		};
		BA318B4B1C5B6B6C00063BAA /* YLBasicTutorialUITests */ = {
			isa = PBXGroup;
			children = (
				BA318B4C1C5B6B6C00063BAA /* YLBasicTutorialUITests.m */,
				BA318B4E1C5B6B6C00063BAA /* Info.plist */,
			);
			path = YLBasicTutorialUITests;
			sourceTree = "<group>";
		};
/* End PBXGroup section */

/* Begin PBXNativeTarget section */
		BA318B231C5B6B6C00063BAA /* YLBasicTutorial */ = {
			isa = PBXNativeTarget;
			buildConfigurationList = BA318B511C5B6B6C00063BAA /* Build configuration list for PBXNativeTarget "YLBasicTutorial" */;
			buildPhases = (
				BA318B201C5B6B6C00063BAA /* Sources */,
				BA318B211C5B6B6C00063BAA /* Frameworks */,
				BA318B221C5B6B6C00063BAA /* Resources */,
			);
			buildRules = (
			);
			dependencies = (
			);
			name = YLBasicTutorial;
			productName = YLBasicTutorial;
			productReference = BA318B241C5B6B6C00063BAA /* YLBasicTutorial.app */;
			productType = "com.apple.product-type.application";
		};
		BA318B3C1C5B6B6C00063BAA /* YLBasicTutorialTests */ = {
			isa = PBXNativeTarget;
			buildConfigurationList = BA318B541C5B6B6C00063BAA /* Build configuration list for PBXNativeTarget "YLBasicTutorialTests" */;
			buildPhases = (
				BA318B391C5B6B6C00063BAA /* Sources */,
				BA318B3A1C5B6B6C00063BAA /* Frameworks */,
				BA318B3B1C5B6B6C00063BAA /* Resources */,
			);
			buildRules = (
			);
			dependencies = (
				BA318B3F1C5B6B6C00063BAA /* PBXTargetDependency */,
			);
			name = YLBasicTutorialTests;
			productName = YLBasicTutorialTests;
			productReference = BA318B3D1C5B6B6C00063BAA /* YLBasicTutorialTests.xctest */;
			productType = "com.apple.product-type.bundle.unit-test";
		};
		BA318B471C5B6B6C00063BAA /* YLBasicTutorialUITests */ = {
			isa = PBXNativeTarget;
			buildConfigurationList = BA318B571C5B6B6C00063BAA /* Build configuration list for PBXNativeTarget "YLBasicTutorialUITests" */;
			buildPhases = (
				BA318B441C5B6B6C00063BAA /* Sources */,
				BA318B451C5B6B6C00063BAA /* Frameworks */,
				BA318B461C5B6B6C00063BAA /* Resources */,
			);
			buildRules = (
			);
			dependencies = (
				BA318B4A1C5B6B6C00063BAA /* PBXTargetDependency */,
			);
			name = YLBasicTutorialUITests;
			productName = YLBasicTutorialUITests;
			productReference = BA318B481C5B6B6C00063BAA /* YLBasicTutorialUITests.xctest */;
			productType = "com.apple.product-type.bundle.ui-testing";
		};
/* End PBXNativeTarget section */

/* Begin PBXProject section */
		BA318B1C1C5B6B6C00063BAA /* Project object */ = {
			isa = PBXProject;
			attributes = {
				CLASSPREFIX = YL;
				LastUpgradeCheck = 0710;
				ORGANIZATIONNAME = xuanlin.zhu;
				TargetAttributes = {
					BA318B231C5B6B6C00063BAA = {
						CreatedOnToolsVersion = 7.1;
					};
					BA318B3C1C5B6B6C00063BAA = {
						CreatedOnToolsVersion = 7.1;
						TestTargetID = BA318B231C5B6B6C00063BAA;
					};
					BA318B471C5B6B6C00063BAA = {
						CreatedOnToolsVersion = 7.1;
						TestTargetID = BA318B231C5B6B6C00063BAA;
					};
				};
			};
			buildConfigurationList = BA318B1F1C5B6B6C00063BAA /* Build configuration list for PBXProject "YLBasicTutorial" */;
			compatibilityVersion = "Xcode 3.2";
			developmentRegion = English;
			hasScannedForEncodings = 0;
			knownRegions = (
				en,
				Base,
			);
			mainGroup = BA318B1B1C5B6B6C00063BAA;
			productRefGroup = BA318B251C5B6B6C00063BAA /* Products */;
			projectDirPath = "";
			projectRoot = "";
			targets = (
				BA318B231C5B6B6C00063BAA /* YLBasicTutorial */,
				BA318B3C1C5B6B6C00063BAA /* YLBasicTutorialTests */,
				BA318B471C5B6B6C00063BAA /* YLBasicTutorialUITests */,
			);
		};
/* End PBXProject section */

/* Begin PBXResourcesBuildPhase section */
		BA318B221C5B6B6C00063BAA /* Resources */ = {
			isa = PBXResourcesBuildPhase;
			buildActionMask = 2147483647;
			files = (
				BA318B371C5B6B6C00063BAA /* LaunchScreen.storyboard in Resources */,
				BA318B341C5B6B6C00063BAA /* Assets.xcassets in Resources */,
				BA318B321C5B6B6C00063BAA /* Main.storyboard in Resources */,
			);
			runOnlyForDeploymentPostprocessing = 0;
		};
		BA318B3B1C5B6B6C00063BAA /* Resources */ = {
			isa = PBXResourcesBuildPhase;
			buildActionMask = 2147483647;
			files = (
			);
			runOnlyForDeploymentPostprocessing = 0;
		};
		BA318B461C5B6B6C00063BAA /* Resources */ = {
			isa = PBXResourcesBuildPhase;
			buildActionMask = 2147483647;
			files = (
			);
			runOnlyForDeploymentPostprocessing = 0;
		};
/* End PBXResourcesBuildPhase section */

/* Begin PBXSourcesBuildPhase section */
		BA318B201C5B6B6C00063BAA /* Sources */ = {
			isa = PBXSourcesBuildPhase;
			buildActionMask = 2147483647;
			files = (
				BA318B2F1C5B6B6C00063BAA /* ViewController.m in Sources */,
				A974F9EB1DDC5F5B00139013 /* YLTutorialSecondViewController.m in Sources */,
				A974F9E81DDC3FFB00139013 /* YLTuorialFirstViewController.m in Sources */,
				BA318B2C1C5B6B6C00063BAA /* AppDelegate.m in Sources */,
				BA318B291C5B6B6C00063BAA /* main.m in Sources */,
			);
			runOnlyForDeploymentPostprocessing = 0;
		};
		BA318B391C5B6B6C00063BAA /* Sources */ = {
			isa = PBXSourcesBuildPhase;
			buildActionMask = 2147483647;
			files = (
				BA318B421C5B6B6C00063BAA /* YLBasicTutorialTests.m in Sources */,
			);
			runOnlyForDeploymentPostprocessing = 0;
		};
		BA318B441C5B6B6C00063BAA /* Sources */ = {
			isa = PBXSourcesBuildPhase;
			buildActionMask = 2147483647;
			files = (
				BA318B4D1C5B6B6C00063BAA /* YLBasicTutorialUITests.m in Sources */,
			);
			runOnlyForDeploymentPostprocessing = 0;
		};
/* End PBXSourcesBuildPhase section */

/* Begin PBXTargetDependency section */
		BA318B3F1C5B6B6C00063BAA /* PBXTargetDependency */ = {
			isa = PBXTargetDependency;
			target = BA318B231C5B6B6C00063BAA /* YLBasicTutorial */;
			targetProxy = BA318B3E1C5B6B6C00063BAA /* PBXContainerItemProxy */;
		};
		BA318B4A1C5B6B6C00063BAA /* PBXTargetDependency */ = {
			isa = PBXTargetDependency;
			target = BA318B231C5B6B6C00063BAA /* YLBasicTutorial */;
			targetProxy = BA318B491C5B6B6C00063BAA /* PBXContainerItemProxy */;
		};
/* End PBXTargetDependency section */

/* Begin PBXVariantGroup section */
		BA318B301C5B6B6C00063BAA /* Main.storyboard */ = {
			isa = PBXVariantGroup;
			children = (
				BA318B311C5B6B6C00063BAA /* Base */,
			);
			name = Main.storyboard;
			sourceTree = "<group>";
		};
		BA318B351C5B6B6C00063BAA /* LaunchScreen.storyboard */ = {
			isa = PBXVariantGroup;
			children = (
				BA318B361C5B6B6C00063BAA /* Base */,
			);
			name = LaunchScreen.storyboard;
			sourceTree = "<group>";
		};
/* End PBXVariantGroup section */

/* Begin XCBuildConfiguration section */
		BA318B4F1C5B6B6C00063BAA /* Debug */ = {
			isa = XCBuildConfiguration;
			buildSettings = {
				ALWAYS_SEARCH_USER_PATHS = NO;
				CLANG_CXX_LANGUAGE_STANDARD = "gnu++0x";
				CLANG_CXX_LIBRARY = "libc++";
				CLANG_ENABLE_MODULES = YES;
				CLANG_ENABLE_OBJC_ARC = YES;
				CLANG_WARN_BOOL_CONVERSION = YES;
				CLANG_WARN_CONSTANT_CONVERSION = YES;
				CLANG_WARN_DIRECT_OBJC_ISA_USAGE = YES_ERROR;
				CLANG_WARN_EMPTY_BODY = YES;
				CLANG_WARN_ENUM_CONVERSION = YES;
				CLANG_WARN_INT_CONVERSION = YES;
				CLANG_WARN_OBJC_ROOT_CLASS = YES_ERROR;
				CLANG_WARN_UNREACHABLE_CODE = YES;
				CLANG_WARN__DUPLICATE_METHOD_MATCH = YES;
				"CODE_SIGN_IDENTITY[sdk=iphoneos*]" = "iPhone Developer";
				COPY_PHASE_STRIP = NO;
				DEBUG_INFORMATION_FORMAT = dwarf;
				ENABLE_STRICT_OBJC_MSGSEND = YES;
				ENABLE_TESTABILITY = YES;
				GCC_C_LANGUAGE_STANDARD = gnu99;
				GCC_DYNAMIC_NO_PIC = NO;
				GCC_NO_COMMON_BLOCKS = YES;
				GCC_OPTIMIZATION_LEVEL = 0;
				GCC_PREPROCESSOR_DEFINITIONS = (
					"DEBUG=1",
					"$(inherited)",
				);
				GCC_WARN_64_TO_32_BIT_CONVERSION = YES;
				GCC_WARN_ABOUT_RETURN_TYPE = YES_ERROR;
				GCC_WARN_UNDECLARED_SELECTOR = YES;
				GCC_WARN_UNINITIALIZED_AUTOS = YES_AGGRESSIVE;
				GCC_WARN_UNUSED_FUNCTION = YES;
				GCC_WARN_UNUSED_VARIABLE = YES;
				IPHONEOS_DEPLOYMENT_TARGET = 9.1;
				MTL_ENABLE_DEBUG_INFO = YES;
				ONLY_ACTIVE_ARCH = YES;
				SDKROOT = iphoneos;
			};
			name = Debug;
		};
		BA318B501C5B6B6C00063BAA /* Release */ = {
			isa = XCBuildConfiguration;
			buildSettings = {
				ALWAYS_SEARCH_USER_PATHS = NO;
				CLANG_CXX_LANGUAGE_STANDARD = "gnu++0x";
				CLANG_CXX_LIBRARY = "libc++";
				CLANG_ENABLE_MODULES = YES;
				CLANG_ENABLE_OBJC_ARC = YES;
				CLANG_WARN_BOOL_CONVERSION = YES;
				CLANG_WARN_CONSTANT_CONVERSION = YES;
				CLANG_WARN_DIRECT_OBJC_ISA_USAGE = YES_ERROR;
				CLANG_WARN_EMPTY_BODY = YES;
				CLANG_WARN_ENUM_CONVERSION = YES;
				CLANG_WARN_INT_CONVERSION = YES;
				CLANG_WARN_OBJC_ROOT_CLASS = YES_ERROR;
				CLANG_WARN_UNREACHABLE_CODE = YES;
				CLANG_WARN__DUPLICATE_METHOD_MATCH = YES;
				"CODE_SIGN_IDENTITY[sdk=iphoneos*]" = "iPhone Developer";
				COPY_PHASE_STRIP = NO;
				DEBUG_INFORMATION_FORMAT = "dwarf-with-dsym";
				ENABLE_NS_ASSERTIONS = NO;
				ENABLE_STRICT_OBJC_MSGSEND = YES;
				GCC_C_LANGUAGE_STANDARD = gnu99;
				GCC_NO_COMMON_BLOCKS = YES;
				GCC_WARN_64_TO_32_BIT_CONVERSION = YES;
				GCC_WARN_ABOUT_RETURN_TYPE = YES_ERROR;
				GCC_WARN_UNDECLARED_SELECTOR = YES;
				GCC_WARN_UNINITIALIZED_AUTOS = YES_AGGRESSIVE;
				GCC_WARN_UNUSED_FUNCTION = YES;
				GCC_WARN_UNUSED_VARIABLE = YES;
				IPHONEOS_DEPLOYMENT_TARGET = 9.1;
				MTL_ENABLE_DEBUG_INFO = NO;
				SDKROOT = iphoneos;
				VALIDATE_PRODUCT = YES;
			};
			name = Release;
		};
		BA318B521C5B6B6C00063BAA /* Debug */ = {
			isa = XCBuildConfiguration;
			buildSettings = {
				ASSETCATALOG_COMPILER_APPICON_NAME = AppIcon;
				INFOPLIST_FILE = YLBasicTutorial/Info.plist;
				LD_RUNPATH_SEARCH_PATHS = "$(inherited) @executable_path/Frameworks";
				PRODUCT_BUNDLE_IDENTIFIER = com.ThinkMobile.YLBasicTutorial;
				PRODUCT_NAME = "$(TARGET_NAME)";
			};
			name = Debug;
		};
		BA318B531C5B6B6C00063BAA /* Release */ = {
			isa = XCBuildConfiguration;
			buildSettings = {
				ASSETCATALOG_COMPILER_APPICON_NAME = AppIcon;
				INFOPLIST_FILE = YLBasicTutorial/Info.plist;
				LD_RUNPATH_SEARCH_PATHS = "$(inherited) @executable_path/Frameworks";
				PRODUCT_BUNDLE_IDENTIFIER = com.ThinkMobile.YLBasicTutorial;
				PRODUCT_NAME = "$(TARGET_NAME)";
			};
			name = Release;
		};
		BA318B551C5B6B6C00063BAA /* Debug */ = {
			isa = XCBuildConfiguration;
			buildSettings = {
				BUNDLE_LOADER = "$(TEST_HOST)";
				INFOPLIST_FILE = YLBasicTutorialTests/Info.plist;
				LD_RUNPATH_SEARCH_PATHS = "$(inherited) @executable_path/Frameworks @loader_path/Frameworks";
				PRODUCT_BUNDLE_IDENTIFIER = com.ThinkMobile.YLBasicTutorialTests;
				PRODUCT_NAME = "$(TARGET_NAME)";
				TEST_HOST = "$(BUILT_PRODUCTS_DIR)/YLBasicTutorial.app/YLBasicTutorial";
			};
			name = Debug;
		};
		BA318B561C5B6B6C00063BAA /* Release */ = {
			isa = XCBuildConfiguration;
			buildSettings = {
				BUNDLE_LOADER = "$(TEST_HOST)";
				INFOPLIST_FILE = YLBasicTutorialTests/Info.plist;
				LD_RUNPATH_SEARCH_PATHS = "$(inherited) @executable_path/Frameworks @loader_path/Frameworks";
				PRODUCT_BUNDLE_IDENTIFIER = com.ThinkMobile.YLBasicTutorialTests;
				PRODUCT_NAME = "$(TARGET_NAME)";
				TEST_HOST = "$(BUILT_PRODUCTS_DIR)/YLBasicTutorial.app/YLBasicTutorial";
			};
			name = Release;
		};
		BA318B581C5B6B6C00063BAA /* Debug */ = {
			isa = XCBuildConfiguration;
			buildSettings = {
				INFOPLIST_FILE = YLBasicTutorialUITests/Info.plist;
				LD_RUNPATH_SEARCH_PATHS = "$(inherited) @executable_path/Frameworks @loader_path/Frameworks";
				PRODUCT_BUNDLE_IDENTIFIER = com.ThinkMobile.YLBasicTutorialUITests;
				PRODUCT_NAME = "$(TARGET_NAME)";
				TEST_TARGET_NAME = YLBasicTutorial;
				USES_XCTRUNNER = YES;
			};
			name = Debug;
		};
		BA318B591C5B6B6C00063BAA /* Release */ = {
			isa = XCBuildConfiguration;
			buildSettings = {
				INFOPLIST_FILE = YLBasicTutorialUITests/Info.plist;
				LD_RUNPATH_SEARCH_PATHS = "$(inherited) @executable_path/Frameworks @loader_path/Frameworks";
				PRODUCT_BUNDLE_IDENTIFIER = com.ThinkMobile.YLBasicTutorialUITests;
				PRODUCT_NAME = "$(TARGET_NAME)";
				TEST_TARGET_NAME = YLBasicTutorial;
				USES_XCTRUNNER = YES;
			};
			name = Release;
		};
/* End XCBuildConfiguration section */

/* Begin XCConfigurationList section */
		BA318B1F1C5B6B6C00063BAA /* Build configuration list for PBXProject "YLBasicTutorial" */ = {
			isa = XCConfigurationList;
			buildConfigurations = (
				BA318B4F1C5B6B6C00063BAA /* Debug */,
				BA318B501C5B6B6C00063BAA /* Release */,
			);
			defaultConfigurationIsVisible = 0;
			defaultConfigurationName = Release;
		};
		BA318B511C5B6B6C00063BAA /* Build configuration list for PBXNativeTarget "YLBasicTutorial" */ = {
			isa = XCConfigurationList;
			buildConfigurations = (
				BA318B521C5B6B6C00063BAA /* Debug */,
				BA318B531C5B6B6C00063BAA /* Release */,
			);
			defaultConfigurationIsVisible = 0;
			defaultConfigurationName = Release;
		};
		BA318B541C5B6B6C00063BAA /* Build configuration list for PBXNativeTarget "YLBasicTutorialTests" */ = {
			isa = XCConfigurationList;
			buildConfigurations = (
				BA318B551C5B6B6C00063BAA /* Debug */,
				BA318B561C5B6B6C00063BAA /* Release */,
			);
			defaultConfigurationIsVisible = 0;
			defaultConfigurationName = Release;
		};
		BA318B571C5B6B6C00063BAA /* Build configuration list for PBXNativeTarget "YLBasicTutorialUITests" */ = {
			isa = XCConfigurationList;
			buildConfigurations = (
				BA318B581C5B6B6C00063BAA /* Debug */,
				BA318B591C5B6B6C00063BAA /* Release */,
			);
			defaultConfigurationIsVisible = 0;
			defaultConfigurationName = Release;
		};
/* End XCConfigurationList section */
	};
	rootObject = BA318B1C1C5B6B6C00063BAA /* Project object */;
}
